
Microsoft Visual Studio Solution File, Format Version 12.00
# Visual Studio Version 17
VisualStudioVersion = 17.6.33723.286
MinimumVisualStudioVersion = 10.0.40219.1
Project("{FAE04EC0-301F-11D3-BF4B-00C04F79EFBC}") = "SchoolCatalog", "SchoolCatalog\SchoolCatalog.csproj", "{EDC62FF0-748E-4433-B1D6-126FA4457C59}"
EndProject
Global
	GlobalSection(SolutionConfigurationPlatforms) = preSolution
		Debug|Any CPU = Debug|Any CPU
		Release|Any CPU = Release|Any CPU
	EndGlobalSection
	GlobalSection(ProjectConfigurationPlatforms) = postSolution
		{EDC62FF0-748E-4433-B1D6-126FA4457C59}.Debug|Any CPU.ActiveCfg = Debug|Any CPU
		{EDC62FF0-748E-4433-B1D6-126FA4457C59}.Debug|Any CPU.Build.0 = Debug|Any CPU
		{EDC62FF0-748E-4433-B1D6-126FA4457C59}.Release|Any CPU.ActiveCfg = Release|Any CPU
		{EDC62FF0-748E-4433-B1D6-126FA4457C59}.Release|Any CPU.Build.0 = Release|Any CPU
	EndGlobalSection
	GlobalSection(SolutionProperties) = preSolution
		HideSolutionNode = FALSE
	EndGlobalSection
	GlobalSection(ExtensibilityGlobals) = postSolution
		SolutionGuid = {1D5521F5-E92F-401E-B815-8EFE4F65DE53}
	EndGlobalSection
EndGlobal
